// !$*UTF8*$!
{
	archiveVersion = 1;
	classes = {
	};
	objectVersion = 77;
	objects = {

/* Begin PBXBuildFile section */
		0229A441F96690BB179F9CE0 /* MotionClassifier.swift in Sources */ = {isa = PBXBuildFile; fileRef = 3015387732FC86391673FEFC /* MotionClassifier.swift */; };
		04A095977CA356A7BD617DCA /* PingPongGame.swift in Sources */ = {isa = PBXBuildFile; fileRef = 66490A5375027C18E299220F /* PingPongGame.swift */; };
		07AB976B9746D77F58AE9155 /* BoxingScene.swift in Sources */ = {isa = PBXBuildFile; fileRef = AC324F474253831B139CE101 /* BoxingScene.swift */; };
		09C3BDFBC800407EF7773E69 /* BowlingCameraTracker.swift in Sources */ = {isa = PBXBuildFile; fileRef = 720B4F07C5BE76B40BAB3F2A /* BowlingCameraTracker.swift */; };
		0B0D43D05DD7AA9061DBBC52 /* MWDATCore in Frameworks */ = {isa = PBXBuildFile; productRef = 56D471E4C1D0316E974B9E9D /* MWDATCore */; };
		0D2A830E5C25C154221072C0 /* ArcheryCameraTracker.swift in Sources */ = {isa = PBXBuildFile; fileRef = 34B25D00B0A385DC428734F5 /* ArcheryCameraTracker.swift */; };
		0F807E6F673A8301EB988326 /* JamarioStreetsGameScene.swift in Sources */ = {isa = PBXBuildFile; fileRef = 789344873FC6A411F9A135CC /* JamarioStreetsGameScene.swift */; };
		1272D61A4438E3E1FAA4141B /* FruitSlashScene.swift in Sources */ = {isa = PBXBuildFile; fileRef = ED91DFCFEE47918D4702E3F3 /* FruitSlashScene.swift */; };
		19D951B9E8881B11921B8436 /* BoxingSceneController.swift in Sources */ = {isa = PBXBuildFile; fileRef = 9DAC8144075946D7C6E90CD7 /* BoxingSceneController.swift */; };
		245590573688511C4894D87C /* BoxingSceneTheme.swift in Sources */ = {isa = PBXBuildFile; fileRef = F13C79F9619D6ACADF105E25 /* BoxingSceneTheme.swift */; };
		26DF4D6AB4300A244E2F9993 /* MWDATCamera in Frameworks */ = {isa = PBXBuildFile; productRef = F89EE55D2F5EFD824C5EAAA1 /* MWDATCamera */; };
		2A77669B0885E5690DB0E5B9 /* GestureRecorder.swift in Sources */ = {isa = PBXBuildFile; fileRef = 9A8D0C3C3C22FDAC032A85DD /* GestureRecorder.swift */; };
		2E15B4D77CEEF51A0D721B79 /* ShareCardView.swift in Sources */ = {isa = PBXBuildFile; fileRef = AFF54E20B5EDB91B4B94884D /* ShareCardView.swift */; };
		2F08588A0FA5377BED01C1DB /* FrameSource.swift in Sources */ = {isa = PBXBuildFile; fileRef = 704D8A46187AD105F8BE0E3F /* FrameSource.swift */; };
		31583FD9A5085861FD73CEF4 /* TennisVenues.swift in Sources */ = {isa = PBXBuildFile; fileRef = F834FD6E9D77D33AC1F4DFAC /* TennisVenues.swift */; };
		3F6F0FE0DACC7F7AAE94194A /* FruitSlashVenues.swift in Sources */ = {isa = PBXBuildFile; fileRef = 2CD39D9F07965ACDE648C66F /* FruitSlashVenues.swift */; };
		3FDF7F0AAA360B8773806769 /* Preview Assets.xcassets in Resources */ = {isa = PBXBuildFile; fileRef = 6CC34BA60D99796648D08667 /* Preview Assets.xcassets */; };
		51FE97FB0700AABB8F858703 /* BowlingScene.swift in Sources */ = {isa = PBXBuildFile; fileRef = 6453D2CFFB0F8358DE9E95E0 /* BowlingScene.swift */; };
		55B34005F5174962FB930C93 /* PingPongVenues.swift in Sources */ = {isa = PBXBuildFile; fileRef = C7AD775A1FBBCB1AA720652C /* PingPongVenues.swift */; };
		562D4166974B9C79B11BFFD5 /* FruitSlashSceneTheme.swift in Sources */ = {isa = PBXBuildFile; fileRef = ADDEADF115E191D862A525DD /* FruitSlashSceneTheme.swift */; };
		575254176078CCEA77498FCB /* PingPongScene.swift in Sources */ = {isa = PBXBuildFile; fileRef = 919B652B84C55889E674679F /* PingPongScene.swift */; };
		5850E3B397B3B10042D13534 /* FruitSlashSceneController.swift in Sources */ = {isa = PBXBuildFile; fileRef = EA86BD0B0649157D710DD66D /* FruitSlashSceneController.swift */; };
		5A4C630503D58FEBCA9730BE /* BowlingPinTracker.swift in Sources */ = {isa = PBXBuildFile; fileRef = 5915F977AA07A85391A894E2 /* BowlingPinTracker.swift */; };
		5A609BA22E81BC0122CA7041 /* TennisSceneTheme.swift in Sources */ = {isa = PBXBuildFile; fileRef = EF714D588F286FE188F68CE0 /* TennisSceneTheme.swift */; };
		5DF75E250395E1B498E80EE0 /* TennisSceneController.swift in Sources */ = {isa = PBXBuildFile; fileRef = BF4B9FBF85000A7FF9F84BFB /* TennisSceneController.swift */; };
		5E1CD10EEF09F9EDC673581F /* BowlingGame.swift in Sources */ = {isa = PBXBuildFile; fileRef = D078BD3D9A597903F2CDACC3 /* BowlingGame.swift */; };
		61AA0197E1DCB80E5534BF3D /* FruitSlashGame.swift in Sources */ = {isa = PBXBuildFile; fileRef = 3F0D7111559988CE71483192 /* FruitSlashGame.swift */; };
		69DEA1A21235E0DB9E78822C /* JamarioVenues.swift in Sources */ = {isa = PBXBuildFile; fileRef = EC9895547C430C02C8901979 /* JamarioVenues.swift */; };
		6B262B3F0BA7ACE2B427736E /* GlassesSetupView.swift in Sources */ = {isa = PBXBuildFile; fileRef = 3DF4D40126DEF5014F50E67F /* GlassesSetupView.swift */; };
		6FB5AE7BC1658D855B6ACEA1 /* TennisScene.swift in Sources */ = {isa = PBXBuildFile; fileRef = 372DD112A6E7F3307A757556 /* TennisScene.swift */; };
		710F56F668098F31727F41B0 /* GestureEngine.swift in Sources */ = {isa = PBXBuildFile; fileRef = 0FF0506A15276F33DBDC1C22 /* GestureEngine.swift */; };
		737117D22731300CAEC85436 /* PingPongSceneTheme.swift in Sources */ = {isa = PBXBuildFile; fileRef = 5423EB84DFAE1035F99839F9 /* PingPongSceneTheme.swift */; };
		784D9EDE191D16EC1C28A3D6 /* ArcheryScene.swift in Sources */ = {isa = PBXBuildFile; fileRef = 338D3A61463B9D86479B4AF9 /* ArcheryScene.swift */; };
		7B9EB5C35AA99FFC8E91F8B2 /* RayBanManager.swift in Sources */ = {isa = PBXBuildFile; fileRef = F0160BE25F91F5DE8B717653 /* RayBanManager.swift */; };
		8734E2624EAD7162EE5DE1A2 /* GameAudio.swift in Sources */ = {isa = PBXBuildFile; fileRef = 871B5E6A2DC77E6CDF6F63B3 /* GameAudio.swift */; };
		8AF41AF815A9B9DBF79324E1 /* ProgressStore.swift in Sources */ = {isa = PBXBuildFile; fileRef = 7A761184267980942BC955F3 /* ProgressStore.swift */; };
		8DEA96294AD4A1C68EBF910E /* AppIconManager.swift in Sources */ = {isa = PBXBuildFile; fileRef = D1A76A878AABFBA740BC142E /* AppIconManager.swift */; };
		8E9E29329616915EB4486B85 /* JamarioStreetsGame.swift in Sources */ = {isa = PBXBuildFile; fileRef = 42D6B3ED90152C385584A61E /* JamarioStreetsGame.swift */; };
		8F8F26658FBA4F72C682EA63 /* TennisGame.swift in Sources */ = {isa = PBXBuildFile; fileRef = AA383D3AF2B7F2F9017E42D7 /* TennisGame.swift */; };
		91EF45669BD1FE1134583CB6 /* GameSessionView.swift in Sources */ = {isa = PBXBuildFile; fileRef = 94E60DCF76CAB1919B96BB9A /* GameSessionView.swift */; };
		93FFEB466EE30C76CB38732E /* Assets.xcassets in Resources */ = {isa = PBXBuildFile; fileRef = 5F8AA23E7B6922ACB9BDD28E /* Assets.xcassets */; };
		957EEBB0445C22441B647AE0 /* ArcherySceneController.swift in Sources */ = {isa = PBXBuildFile; fileRef = B506CAC706E1CEFF3DAD22B7 /* ArcherySceneController.swift */; };
		96BB12284B7881FDAA81EE0F /* JamarioScene.swift in Sources */ = {isa = PBXBuildFile; fileRef = EEA3765E3D92A2E8DA1962EC /* JamarioScene.swift */; };
		981E8AA608802E6E6A955FCF /* Game.swift in Sources */ = {isa = PBXBuildFile; fileRef = 3B937D3B1565BD030D47B9DE /* Game.swift */; };
		9864E1522823865D7292FA82 /* ClaudeVisionApp.swift in Sources */ = {isa = PBXBuildFile; fileRef = D80B4A559F7D180D8DCE6033 /* ClaudeVisionApp.swift */; };
		AA875A1E28A9B92161751A5D /* ArcheryVenues.swift in Sources */ = {isa = PBXBuildFile; fileRef = A0AACC052C5B3B85A599088E /* ArcheryVenues.swift */; };
		AA89115CB629A0F228706FC9 /* AnimeStyle.swift in Sources */ = {isa = PBXBuildFile; fileRef = DB1873986A1185D916CC7800 /* AnimeStyle.swift */; };
		ABE4642C648FF01E3FA76550 /* DailyChallenge.swift in Sources */ = {isa = PBXBuildFile; fileRef = BE4EAE7635BF07443ED44384 /* DailyChallenge.swift */; };
		AE0E377FB2DDA8B708B8FA46 /* BowlingSceneTheme.swift in Sources */ = {isa = PBXBuildFile; fileRef = B87D4BDBF7240A26822E92B8 /* BowlingSceneTheme.swift */; };
		B16E22E3D5635B45CDA5527E /* UnlockCelebration.swift in Sources */ = {isa = PBXBuildFile; fileRef = ED14DBCA12F0F32259D59338 /* UnlockCelebration.swift */; };
		B347D456F940DB0B3EC5A4B3 /* JamarioGameScene.swift in Sources */ = {isa = PBXBuildFile; fileRef = A3DBA2DA31D77C37256849CF /* JamarioGameScene.swift */; };
		B6F2120AB8FF095ADAF37B4B /* JamarioStreetsScene.swift in Sources */ = {isa = PBXBuildFile; fileRef = 9967FCBA18DB0110E8843E2F /* JamarioStreetsScene.swift */; };
		BB77BEBD9342F20CF03D3E17 /* GestureEvent.swift in Sources */ = {isa = PBXBuildFile; fileRef = 9D6586F110D7EC927F2A34C2 /* GestureEvent.swift */; };
		BCDAFA72AF218AB47F3E0CB8 /* BowlingSceneController.swift in Sources */ = {isa = PBXBuildFile; fileRef = 7AC42963AADF2B0A8A5AC60C /* BowlingSceneController.swift */; };
		BD186EB89777AC5DDA29BC9F /* ArcherySceneTheme.swift in Sources */ = {isa = PBXBuildFile; fileRef = 049E50C040D2E192EEEB3501 /* ArcherySceneTheme.swift */; };
		BD5B4A0F9863B7F1FF8586AB /* PingPongSceneController.swift in Sources */ = {isa = PBXBuildFile; fileRef = 83FA66E2F3ACFB982D606875 /* PingPongSceneController.swift */; };
		C327AE4F92F9EF84D41BDA91 /* DebugPanelView.swift in Sources */ = {isa = PBXBuildFile; fileRef = ED4F43EA2E5A25E3D215A392 /* DebugPanelView.swift */; };
		C4F5333E0BAE35F97D08CB1C /* HomeView.swift in Sources */ = {isa = PBXBuildFile; fileRef = 886F034AA5C4A50DE8F11AAA /* HomeView.swift */; };
		C585A31BBA2AA3A0C6CE311C /* BowlingVenues.swift in Sources */ = {isa = PBXBuildFile; fileRef = 0D99EBB5360A4830812A4A16 /* BowlingVenues.swift */; };
		C7D9F412F3607F657FC2F90A /* ContentView.swift in Sources */ = {isa = PBXBuildFile; fileRef = 92D88A83F09D5107BD2F91B6 /* ContentView.swift */; };
		CA00303E3F2897D249C97617 /* DailyChallengeCard.swift in Sources */ = {isa = PBXBuildFile; fileRef = CBA81D3448D2E8D889210B60 /* DailyChallengeCard.swift */; };
		CADFE639AE65E9828CFE8C08 /* Venue.swift in Sources */ = {isa = PBXBuildFile; fileRef = C9A58FF9BA5C906542805585 /* Venue.swift */; };
		D318BDFB534591B00DE2902E /* GameCoordinator.swift in Sources */ = {isa = PBXBuildFile; fileRef = 0EBA2331D4EFFFADA46E6B38 /* GameCoordinator.swift */; };
		D86CC47D8E4FBFA854AC7A50 /* BoxingVenues.swift in Sources */ = {isa = PBXBuildFile; fileRef = 35631D67CD4D879B5B42A10A /* BoxingVenues.swift */; };
		DA7A305C2AC68B9BCCF469B7 /* BoxingGame.swift in Sources */ = {isa = PBXBuildFile; fileRef = 55B7BB9F20AE5B6C16405918 /* BoxingGame.swift */; };
		E12306D922984A6813198E0E /* Theme.swift in Sources */ = {isa = PBXBuildFile; fileRef = 005CB362591CEF82F976089D /* Theme.swift */; };
		E7D77364C5A9DEE62B4883B9 /* JamarioStreetsVenues.swift in Sources */ = {isa = PBXBuildFile; fileRef = 78F1B28D386567E7ADFA1137 /* JamarioStreetsVenues.swift */; };
		EF22011091DAB224D43F0D0F /* ArcheryGame.swift in Sources */ = {isa = PBXBuildFile; fileRef = 7450C70EEB82980645E55B72 /* ArcheryGame.swift */; };
		F1A52CF077F28868BE7DA1CD /* TestScenarios.swift in Sources */ = {isa = PBXBuildFile; fileRef = 70B272A2340AACC654015328 /* TestScenarios.swift */; };
		F301600A55C2F6137164E45E /* JamarioSceneTheme.swift in Sources */ = {isa = PBXBuildFile; fileRef = E46D4CCBEF0DB21117597803 /* JamarioSceneTheme.swift */; };
		F72AA7EF417E1CAAE1A03C07 /* LaunchSplashView.swift in Sources */ = {isa = PBXBuildFile; fileRef = A53FCA12547DBC44C1F0AD38 /* LaunchSplashView.swift */; };
		FCE3D75CC394FD3CAFFB827B /* VenueSelectView.swift in Sources */ = {isa = PBXBuildFile; fileRef = D66084323CBDF0F0A6D269F1 /* VenueSelectView.swift */; };
		FDC4BE72E2046DB10FDF48D3 /* JamarioGame.swift in Sources */ = {isa = PBXBuildFile; fileRef = CDE5D1F690BCE1711D38FC8A /* JamarioGame.swift */; };
/* End PBXBuildFile section */

/* Begin PBXFileReference section */
		005CB362591CEF82F976089D /* Theme.swift */ = {isa = PBXFileReference; lastKnownFileType = sourcecode.swift; path = Theme.swift; sourceTree = "<group>"; };
		049E50C040D2E192EEEB3501 /* ArcherySceneTheme.swift */ = {isa = PBXFileReference; lastKnownFileType = sourcecode.swift; path = ArcherySceneTheme.swift; sourceTree = "<group>"; };
		0D99EBB5360A4830812A4A16 /* BowlingVenues.swift */ = {isa = PBXFileReference; lastKnownFileType = sourcecode.swift; path = BowlingVenues.swift; sourceTree = "<group>"; };
		0EBA2331D4EFFFADA46E6B38 /* GameCoordinator.swift */ = {isa = PBXFileReference; lastKnownFileType = sourcecode.swift; path = GameCoordinator.swift; sourceTree = "<group>"; };
		0FF0506A15276F33DBDC1C22 /* GestureEngine.swift */ = {isa = PBXFileReference; lastKnownFileType = sourcecode.swift; path = GestureEngine.swift; sourceTree = "<group>"; };
		2CD39D9F07965ACDE648C66F /* FruitSlashVenues.swift */ = {isa = PBXFileReference; lastKnownFileType = sourcecode.swift; path = FruitSlashVenues.swift; sourceTree = "<group>"; };
		3015387732FC86391673FEFC /* MotionClassifier.swift */ = {isa = PBXFileReference; lastKnownFileType = sourcecode.swift; path = MotionClassifier.swift; sourceTree = "<group>"; };
		338D3A61463B9D86479B4AF9 /* ArcheryScene.swift */ = {isa = PBXFileReference; lastKnownFileType = sourcecode.swift; path = ArcheryScene.swift; sourceTree = "<group>"; };
		34B25D00B0A385DC428734F5 /* ArcheryCameraTracker.swift */ = {isa = PBXFileReference; lastKnownFileType = sourcecode.swift; path = ArcheryCameraTracker.swift; sourceTree = "<group>"; };
		35631D67CD4D879B5B42A10A /* BoxingVenues.swift */ = {isa = PBXFileReference; lastKnownFileType = sourcecode.swift; path = BoxingVenues.swift; sourceTree = "<group>"; };
		372DD112A6E7F3307A757556 /* TennisScene.swift */ = {isa = PBXFileReference; lastKnownFileType = sourcecode.swift; path = TennisScene.swift; sourceTree = "<group>"; };
		3B937D3B1565BD030D47B9DE /* Game.swift */ = {isa = PBXFileReference; lastKnownFileType = sourcecode.swift; path = Game.swift; sourceTree = "<group>"; };
		3DF4D40126DEF5014F50E67F /* GlassesSetupView.swift */ = {isa = PBXFileReference; lastKnownFileType = sourcecode.swift; path = GlassesSetupView.swift; sourceTree = "<group>"; };
		3F0D7111559988CE71483192 /* FruitSlashGame.swift */ = {isa = PBXFileReference; lastKnownFileType = sourcecode.swift; path = FruitSlashGame.swift; sourceTree = "<group>"; };
		42D6B3ED90152C385584A61E /* JamarioStreetsGame.swift */ = {isa = PBXFileReference; lastKnownFileType = sourcecode.swift; path = JamarioStreetsGame.swift; sourceTree = "<group>"; };
		5423EB84DFAE1035F99839F9 /* PingPongSceneTheme.swift */ = {isa = PBXFileReference; lastKnownFileType = sourcecode.swift; path = PingPongSceneTheme.swift; sourceTree = "<group>"; };
		55B7BB9F20AE5B6C16405918 /* BoxingGame.swift */ = {isa = PBXFileReference; lastKnownFileType = sourcecode.swift; path = BoxingGame.swift; sourceTree = "<group>"; };
		5915F977AA07A85391A894E2 /* BowlingPinTracker.swift */ = {isa = PBXFileReference; lastKnownFileType = sourcecode.swift; path = BowlingPinTracker.swift; sourceTree = "<group>"; };
		5F8AA23E7B6922ACB9BDD28E /* Assets.xcassets */ = {isa = PBXFileReference; lastKnownFileType = folder.assetcatalog; path = Assets.xcassets; sourceTree = "<group>"; };
		6453D2CFFB0F8358DE9E95E0 /* BowlingScene.swift */ = {isa = PBXFileReference; lastKnownFileType = sourcecode.swift; path = BowlingScene.swift; sourceTree = "<group>"; };
		66490A5375027C18E299220F /* PingPongGame.swift */ = {isa = PBXFileReference; lastKnownFileType = sourcecode.swift; path = PingPongGame.swift; sourceTree = "<group>"; };
		6CC34BA60D99796648D08667 /* Preview Assets.xcassets */ = {isa = PBXFileReference; lastKnownFileType = folder.assetcatalog; path = "Preview Assets.xcassets"; sourceTree = "<group>"; };
		704D8A46187AD105F8BE0E3F /* FrameSource.swift */ = {isa = PBXFileReference; lastKnownFileType = sourcecode.swift; path = FrameSource.swift; sourceTree = "<group>"; };
		70B272A2340AACC654015328 /* TestScenarios.swift */ = {isa = PBXFileReference; lastKnownFileType = sourcecode.swift; path = TestScenarios.swift; sourceTree = "<group>"; };
		720B4F07C5BE76B40BAB3F2A /* BowlingCameraTracker.swift */ = {isa = PBXFileReference; lastKnownFileType = sourcecode.swift; path = BowlingCameraTracker.swift; sourceTree = "<group>"; };
		7450C70EEB82980645E55B72 /* ArcheryGame.swift */ = {isa = PBXFileReference; lastKnownFileType = sourcecode.swift; path = ArcheryGame.swift; sourceTree = "<group>"; };
		789344873FC6A411F9A135CC /* JamarioStreetsGameScene.swift */ = {isa = PBXFileReference; lastKnownFileType = sourcecode.swift; path = JamarioStreetsGameScene.swift; sourceTree = "<group>"; };
		78F1B28D386567E7ADFA1137 /* JamarioStreetsVenues.swift */ = {isa = PBXFileReference; lastKnownFileType = sourcecode.swift; path = JamarioStreetsVenues.swift; sourceTree = "<group>"; };
		7A761184267980942BC955F3 /* ProgressStore.swift */ = {isa = PBXFileReference; lastKnownFileType = sourcecode.swift; path = ProgressStore.swift; sourceTree = "<group>"; };
		7AC42963AADF2B0A8A5AC60C /* BowlingSceneController.swift */ = {isa = PBXFileReference; lastKnownFileType = sourcecode.swift; path = BowlingSceneController.swift; sourceTree = "<group>"; };
		8206037DFED6213BCCDF3719 /* Info.plist */ = {isa = PBXFileReference; lastKnownFileType = text.plist; path = Info.plist; sourceTree = "<group>"; };
		83FA66E2F3ACFB982D606875 /* PingPongSceneController.swift */ = {isa = PBXFileReference; lastKnownFileType = sourcecode.swift; path = PingPongSceneController.swift; sourceTree = "<group>"; };
		871B5E6A2DC77E6CDF6F63B3 /* GameAudio.swift */ = {isa = PBXFileReference; lastKnownFileType = sourcecode.swift; path = GameAudio.swift; sourceTree = "<group>"; };
		886F034AA5C4A50DE8F11AAA /* HomeView.swift */ = {isa = PBXFileReference; lastKnownFileType = sourcecode.swift; path = HomeView.swift; sourceTree = "<group>"; };
		919B652B84C55889E674679F /* PingPongScene.swift */ = {isa = PBXFileReference; lastKnownFileType = sourcecode.swift; path = PingPongScene.swift; sourceTree = "<group>"; };
		92D88A83F09D5107BD2F91B6 /* ContentView.swift */ = {isa = PBXFileReference; lastKnownFileType = sourcecode.swift; path = ContentView.swift; sourceTree = "<group>"; };
		94E60DCF76CAB1919B96BB9A /* GameSessionView.swift */ = {isa = PBXFileReference; lastKnownFileType = sourcecode.swift; path = GameSessionView.swift; sourceTree = "<group>"; };
		98E55A0878E3210165D23655 /* ClaudeVision.app */ = {isa = PBXFileReference; includeInIndex = 0; lastKnownFileType = wrapper.application; path = ClaudeVision.app; sourceTree = BUILT_PRODUCTS_DIR; };
		9967FCBA18DB0110E8843E2F /* JamarioStreetsScene.swift */ = {isa = PBXFileReference; lastKnownFileType = sourcecode.swift; path = JamarioStreetsScene.swift; sourceTree = "<group>"; };
		9A8D0C3C3C22FDAC032A85DD /* GestureRecorder.swift */ = {isa = PBXFileReference; lastKnownFileType = sourcecode.swift; path = GestureRecorder.swift; sourceTree = "<group>"; };
		9D6586F110D7EC927F2A34C2 /* GestureEvent.swift */ = {isa = PBXFileReference; lastKnownFileType = sourcecode.swift; path = GestureEvent.swift; sourceTree = "<group>"; };
		9DAC8144075946D7C6E90CD7 /* BoxingSceneController.swift */ = {isa = PBXFileReference; lastKnownFileType = sourcecode.swift; path = BoxingSceneController.swift; sourceTree = "<group>"; };
		A0AACC052C5B3B85A599088E /* ArcheryVenues.swift */ = {isa = PBXFileReference; lastKnownFileType = sourcecode.swift; path = ArcheryVenues.swift; sourceTree = "<group>"; };
		A3DBA2DA31D77C37256849CF /* JamarioGameScene.swift */ = {isa = PBXFileReference; lastKnownFileType = sourcecode.swift; path = JamarioGameScene.swift; sourceTree = "<group>"; };
		A53FCA12547DBC44C1F0AD38 /* LaunchSplashView.swift */ = {isa = PBXFileReference; lastKnownFileType = sourcecode.swift; path = LaunchSplashView.swift; sourceTree = "<group>"; };
		AA383D3AF2B7F2F9017E42D7 /* TennisGame.swift */ = {isa = PBXFileReference; lastKnownFileType = sourcecode.swift; path = TennisGame.swift; sourceTree = "<group>"; };
		AC324F474253831B139CE101 /* BoxingScene.swift */ = {isa = PBXFileReference; lastKnownFileType = sourcecode.swift; path = BoxingScene.swift; sourceTree = "<group>"; };
		ADDEADF115E191D862A525DD /* FruitSlashSceneTheme.swift */ = {isa = PBXFileReference; lastKnownFileType = sourcecode.swift; path = FruitSlashSceneTheme.swift; sourceTree = "<group>"; };
		AFF54E20B5EDB91B4B94884D /* ShareCardView.swift */ = {isa = PBXFileReference; lastKnownFileType = sourcecode.swift; path = ShareCardView.swift; sourceTree = "<group>"; };
		B506CAC706E1CEFF3DAD22B7 /* ArcherySceneController.swift */ = {isa = PBXFileReference; lastKnownFileType = sourcecode.swift; path = ArcherySceneController.swift; sourceTree = "<group>"; };
		B87D4BDBF7240A26822E92B8 /* BowlingSceneTheme.swift */ = {isa = PBXFileReference; lastKnownFileType = sourcecode.swift; path = BowlingSceneTheme.swift; sourceTree = "<group>"; };
		BE4EAE7635BF07443ED44384 /* DailyChallenge.swift */ = {isa = PBXFileReference; lastKnownFileType = sourcecode.swift; path = DailyChallenge.swift; sourceTree = "<group>"; };
		BF4B9FBF85000A7FF9F84BFB /* TennisSceneController.swift */ = {isa = PBXFileReference; lastKnownFileType = sourcecode.swift; path = TennisSceneController.swift; sourceTree = "<group>"; };
		C7AD775A1FBBCB1AA720652C /* PingPongVenues.swift */ = {isa = PBXFileReference; lastKnownFileType = sourcecode.swift; path = PingPongVenues.swift; sourceTree = "<group>"; };
		C9A58FF9BA5C906542805585 /* Venue.swift */ = {isa = PBXFileReference; lastKnownFileType = sourcecode.swift; path = Venue.swift; sourceTree = "<group>"; };
		CBA81D3448D2E8D889210B60 /* DailyChallengeCard.swift */ = {isa = PBXFileReference; lastKnownFileType = sourcecode.swift; path = DailyChallengeCard.swift; sourceTree = "<group>"; };
		CDE5D1F690BCE1711D38FC8A /* JamarioGame.swift */ = {isa = PBXFileReference; lastKnownFileType = sourcecode.swift; path = JamarioGame.swift; sourceTree = "<group>"; };
		D078BD3D9A597903F2CDACC3 /* BowlingGame.swift */ = {isa = PBXFileReference; lastKnownFileType = sourcecode.swift; path = BowlingGame.swift; sourceTree = "<group>"; };
		D1A76A878AABFBA740BC142E /* AppIconManager.swift */ = {isa = PBXFileReference; lastKnownFileType = sourcecode.swift; path = AppIconManager.swift; sourceTree = "<group>"; };
		D66084323CBDF0F0A6D269F1 /* VenueSelectView.swift */ = {isa = PBXFileReference; lastKnownFileType = sourcecode.swift; path = VenueSelectView.swift; sourceTree = "<group>"; };
		D80B4A559F7D180D8DCE6033 /* ClaudeVisionApp.swift */ = {isa = PBXFileReference; lastKnownFileType = sourcecode.swift; path = ClaudeVisionApp.swift; sourceTree = "<group>"; };
		DB1873986A1185D916CC7800 /* AnimeStyle.swift */ = {isa = PBXFileReference; lastKnownFileType = sourcecode.swift; path = AnimeStyle.swift; sourceTree = "<group>"; };
		E46D4CCBEF0DB21117597803 /* JamarioSceneTheme.swift */ = {isa = PBXFileReference; lastKnownFileType = sourcecode.swift; path = JamarioSceneTheme.swift; sourceTree = "<group>"; };
		EA86BD0B0649157D710DD66D /* FruitSlashSceneController.swift */ = {isa = PBXFileReference; lastKnownFileType = sourcecode.swift; path = FruitSlashSceneController.swift; sourceTree = "<group>"; };
		EC9895547C430C02C8901979 /* JamarioVenues.swift */ = {isa = PBXFileReference; lastKnownFileType = sourcecode.swift; path = JamarioVenues.swift; sourceTree = "<group>"; };
		ED14DBCA12F0F32259D59338 /* UnlockCelebration.swift */ = {isa = PBXFileReference; lastKnownFileType = sourcecode.swift; path = UnlockCelebration.swift; sourceTree = "<group>"; };
		ED4F43EA2E5A25E3D215A392 /* DebugPanelView.swift */ = {isa = PBXFileReference; lastKnownFileType = sourcecode.swift; path = DebugPanelView.swift; sourceTree = "<group>"; };
		ED91DFCFEE47918D4702E3F3 /* FruitSlashScene.swift */ = {isa = PBXFileReference; lastKnownFileType = sourcecode.swift; path = FruitSlashScene.swift; sourceTree = "<group>"; };
		EEA3765E3D92A2E8DA1962EC /* JamarioScene.swift */ = {isa = PBXFileReference; lastKnownFileType = sourcecode.swift; path = JamarioScene.swift; sourceTree = "<group>"; };
		EF714D588F286FE188F68CE0 /* TennisSceneTheme.swift */ = {isa = PBXFileReference; lastKnownFileType = sourcecode.swift; path = TennisSceneTheme.swift; sourceTree = "<group>"; };
		F0160BE25F91F5DE8B717653 /* RayBanManager.swift */ = {isa = PBXFileReference; lastKnownFileType = sourcecode.swift; path = RayBanManager.swift; sourceTree = "<group>"; };
		F13C79F9619D6ACADF105E25 /* BoxingSceneTheme.swift */ = {isa = PBXFileReference; lastKnownFileType = sourcecode.swift; path = BoxingSceneTheme.swift; sourceTree = "<group>"; };
		F834FD6E9D77D33AC1F4DFAC /* TennisVenues.swift */ = {isa = PBXFileReference; lastKnownFileType = sourcecode.swift; path = TennisVenues.swift; sourceTree = "<group>"; };
/* End PBXFileReference section */

/* Begin PBXFrameworksBuildPhase section */
		D6A8C524AC7E81672D6C6835 /* Frameworks */ = {
			isa = PBXFrameworksBuildPhase;
			buildActionMask = 2147483647;
			files = (
				0B0D43D05DD7AA9061DBBC52 /* MWDATCore in Frameworks */,
				26DF4D6AB4300A244E2F9993 /* MWDATCamera in Frameworks */,
			);
			runOnlyForDeploymentPostprocessing = 0;
		};
/* End PBXFrameworksBuildPhase section */

/* Begin PBXGroup section */
		0A9335D6E8C046FCCA08AE8D /* Venues */ = {
			isa = PBXGroup;
			children = (
				A0AACC052C5B3B85A599088E /* ArcheryVenues.swift */,
				0D99EBB5360A4830812A4A16 /* BowlingVenues.swift */,
				35631D67CD4D879B5B42A10A /* BoxingVenues.swift */,
				2CD39D9F07965ACDE648C66F /* FruitSlashVenues.swift */,
				78F1B28D386567E7ADFA1137 /* JamarioStreetsVenues.swift */,
				EC9895547C430C02C8901979 /* JamarioVenues.swift */,
				C7AD775A1FBBCB1AA720652C /* PingPongVenues.swift */,
				F834FD6E9D77D33AC1F4DFAC /* TennisVenues.swift */,
				C9A58FF9BA5C906542805585 /* Venue.swift */,
			);
			path = Venues;
			sourceTree = "<group>";
		};
		1380B471AEF9EE8643947E06 /* Games */ = {
			isa = PBXGroup;
			children = (
				7450C70EEB82980645E55B72 /* ArcheryGame.swift */,
				D078BD3D9A597903F2CDACC3 /* BowlingGame.swift */,
				55B7BB9F20AE5B6C16405918 /* BoxingGame.swift */,
				3F0D7111559988CE71483192 /* FruitSlashGame.swift */,
				CDE5D1F690BCE1711D38FC8A /* JamarioGame.swift */,
				42D6B3ED90152C385584A61E /* JamarioStreetsGame.swift */,
				66490A5375027C18E299220F /* PingPongGame.swift */,
				AA383D3AF2B7F2F9017E42D7 /* TennisGame.swift */,
			);
			path = Games;
			sourceTree = "<group>";
		};
		1AC8D3445CECE9610F600843 = {
			isa = PBXGroup;
			children = (
				D6D2B4AD3101E6AB77E04BA6 /* ClaudeVision */,
				A89D041F911DC9E0739EB6C0 /* Products */,
			);
			sourceTree = "<group>";
		};
		1D90D1BAF9E357310FEE0BF2 /* Tennis */ = {
			isa = PBXGroup;
			children = (
				372DD112A6E7F3307A757556 /* TennisScene.swift */,
				BF4B9FBF85000A7FF9F84BFB /* TennisSceneController.swift */,
				EF714D588F286FE188F68CE0 /* TennisSceneTheme.swift */,
			);
			path = Tennis;
			sourceTree = "<group>";
		};
		2484B2B71BA72AF3D4493FD6 /* Jamario */ = {
			isa = PBXGroup;
			children = (
				A3DBA2DA31D77C37256849CF /* JamarioGameScene.swift */,
				EEA3765E3D92A2E8DA1962EC /* JamarioScene.swift */,
				E46D4CCBEF0DB21117597803 /* JamarioSceneTheme.swift */,
			);
			path = Jamario;
			sourceTree = "<group>";
		};
		2DEDDC806B23DCC35E73B511 /* Archery */ = {
			isa = PBXGroup;
			children = (
				34B25D00B0A385DC428734F5 /* ArcheryCameraTracker.swift */,
				338D3A61463B9D86479B4AF9 /* ArcheryScene.swift */,
				B506CAC706E1CEFF3DAD22B7 /* ArcherySceneController.swift */,
				049E50C040D2E192EEEB3501 /* ArcherySceneTheme.swift */,
			);
			path = Archery;
			sourceTree = "<group>";
		};
		307F40ABC1D46CC50F9980BE /* Gaming */ = {
			isa = PBXGroup;
			children = (
				BE4EAE7635BF07443ED44384 /* DailyChallenge.swift */,
				3B937D3B1565BD030D47B9DE /* Game.swift */,
				0EBA2331D4EFFFADA46E6B38 /* GameCoordinator.swift */,
				0FF0506A15276F33DBDC1C22 /* GestureEngine.swift */,
				9D6586F110D7EC927F2A34C2 /* GestureEvent.swift */,
				9A8D0C3C3C22FDAC032A85DD /* GestureRecorder.swift */,
				3015387732FC86391673FEFC /* MotionClassifier.swift */,
				7A761184267980942BC955F3 /* ProgressStore.swift */,
				70B272A2340AACC654015328 /* TestScenarios.swift */,
				2DEDDC806B23DCC35E73B511 /* Archery */,
				31237308340DA3B496BA69AF /* Bowling */,
				7788F4D550BAD3C07A4DC50B /* Boxing */,
				994091F2CF8765C5848315EE /* FruitSlash */,
				1380B471AEF9EE8643947E06 /* Games */,
				2484B2B71BA72AF3D4493FD6 /* Jamario */,
				A2B8D53AAA1485431FA5A5CD /* JamarioStreets */,
				91D29D72EFA8AC775C3A63F1 /* PingPong */,
				1D90D1BAF9E357310FEE0BF2 /* Tennis */,
				0A9335D6E8C046FCCA08AE8D /* Venues */,
			);
			path = Gaming;
			sourceTree = "<group>";
		};
		31237308340DA3B496BA69AF /* Bowling */ = {
			isa = PBXGroup;
			children = (
				720B4F07C5BE76B40BAB3F2A /* BowlingCameraTracker.swift */,
				5915F977AA07A85391A894E2 /* BowlingPinTracker.swift */,
				6453D2CFFB0F8358DE9E95E0 /* BowlingScene.swift */,
				7AC42963AADF2B0A8A5AC60C /* BowlingSceneController.swift */,
				B87D4BDBF7240A26822E92B8 /* BowlingSceneTheme.swift */,
			);
			path = Bowling;
			sourceTree = "<group>";
		};
		7788F4D550BAD3C07A4DC50B /* Boxing */ = {
			isa = PBXGroup;
			children = (
				AC324F474253831B139CE101 /* BoxingScene.swift */,
				9DAC8144075946D7C6E90CD7 /* BoxingSceneController.swift */,
				F13C79F9619D6ACADF105E25 /* BoxingSceneTheme.swift */,
			);
			path = Boxing;
			sourceTree = "<group>";
		};
		91D29D72EFA8AC775C3A63F1 /* PingPong */ = {
			isa = PBXGroup;
			children = (
				919B652B84C55889E674679F /* PingPongScene.swift */,
				83FA66E2F3ACFB982D606875 /* PingPongSceneController.swift */,
				5423EB84DFAE1035F99839F9 /* PingPongSceneTheme.swift */,
			);
			path = PingPong;
			sourceTree = "<group>";
		};
		954913A80229FAA275E99FD1 /* Views */ = {
			isa = PBXGroup;
			children = (
				DB1873986A1185D916CC7800 /* AnimeStyle.swift */,
				92D88A83F09D5107BD2F91B6 /* ContentView.swift */,
				CBA81D3448D2E8D889210B60 /* DailyChallengeCard.swift */,
				ED4F43EA2E5A25E3D215A392 /* DebugPanelView.swift */,
				94E60DCF76CAB1919B96BB9A /* GameSessionView.swift */,
				3DF4D40126DEF5014F50E67F /* GlassesSetupView.swift */,
				886F034AA5C4A50DE8F11AAA /* HomeView.swift */,
				A53FCA12547DBC44C1F0AD38 /* LaunchSplashView.swift */,
				AFF54E20B5EDB91B4B94884D /* ShareCardView.swift */,
				005CB362591CEF82F976089D /* Theme.swift */,
				ED14DBCA12F0F32259D59338 /* UnlockCelebration.swift */,
				D66084323CBDF0F0A6D269F1 /* VenueSelectView.swift */,
			);
			path = Views;
			sourceTree = "<group>";
		};
		994091F2CF8765C5848315EE /* FruitSlash */ = {
			isa = PBXGroup;
			children = (
				ED91DFCFEE47918D4702E3F3 /* FruitSlashScene.swift */,
				EA86BD0B0649157D710DD66D /* FruitSlashSceneController.swift */,
				ADDEADF115E191D862A525DD /* FruitSlashSceneTheme.swift */,
			);
			path = FruitSlash;
			sourceTree = "<group>";
		};
		A2B8D53AAA1485431FA5A5CD /* JamarioStreets */ = {
			isa = PBXGroup;
			children = (
				789344873FC6A411F9A135CC /* JamarioStreetsGameScene.swift */,
				9967FCBA18DB0110E8843E2F /* JamarioStreetsScene.swift */,
			);
			path = JamarioStreets;
			sourceTree = "<group>";
		};
		A89D041F911DC9E0739EB6C0 /* Products */ = {
			isa = PBXGroup;
			children = (
				98E55A0878E3210165D23655 /* ClaudeVision.app */,
			);
			name = Products;
			sourceTree = "<group>";
		};
		BCA54CF6CF615CFD7E8C7D4D /* Services */ = {
			isa = PBXGroup;
			children = (
				D1A76A878AABFBA740BC142E /* AppIconManager.swift */,
				704D8A46187AD105F8BE0E3F /* FrameSource.swift */,
				871B5E6A2DC77E6CDF6F63B3 /* GameAudio.swift */,
				F0160BE25F91F5DE8B717653 /* RayBanManager.swift */,
			);
			path = Services;
			sourceTree = "<group>";
		};
		CC8DB6193D768868734D8483 /* Preview Content */ = {
			isa = PBXGroup;
			children = (
				6CC34BA60D99796648D08667 /* Preview Assets.xcassets */,
			);
			path = "Preview Content";
			sourceTree = "<group>";
		};
		D6D2B4AD3101E6AB77E04BA6 /* ClaudeVision */ = {
			isa = PBXGroup;
			children = (
				5F8AA23E7B6922ACB9BDD28E /* Assets.xcassets */,
				D80B4A559F7D180D8DCE6033 /* ClaudeVisionApp.swift */,
				8206037DFED6213BCCDF3719 /* Info.plist */,
				307F40ABC1D46CC50F9980BE /* Gaming */,
				CC8DB6193D768868734D8483 /* Preview Content */,
				BCA54CF6CF615CFD7E8C7D4D /* Services */,
				954913A80229FAA275E99FD1 /* Views */,
			);
			path = ClaudeVision;
			sourceTree = "<group>";
		};
/* End PBXGroup section */

/* Begin PBXNativeTarget section */
		19BFFEED1742A8DB7B08397C /* ClaudeVision */ = {
			isa = PBXNativeTarget;
			buildConfigurationList = BF935B040D1DD32A45D840D1 /* Build configuration list for PBXNativeTarget "ClaudeVision" */;
			buildPhases = (
				6FBE7C83F638E053828BBF68 /* Sources */,
				5D924432B9626EA5F32286BC /* Resources */,
				D6A8C524AC7E81672D6C6835 /* Frameworks */,
			);
			buildRules = (
			);
			dependencies = (
			);
			name = ClaudeVision;
			packageProductDependencies = (
				56D471E4C1D0316E974B9E9D /* MWDATCore */,
				F89EE55D2F5EFD824C5EAAA1 /* MWDATCamera */,
			);
			productName = ClaudeVision;
			productReference = 98E55A0878E3210165D23655 /* ClaudeVision.app */;
			productType = "com.apple.product-type.application";
		};
/* End PBXNativeTarget section */

/* Begin PBXProject section */
		ED22C830246B55416593B99A /* Project object */ = {
			isa = PBXProject;
			attributes = {
				BuildIndependentTargetsInParallel = YES;
				LastUpgradeCheck = 2600;
				TargetAttributes = {
					19BFFEED1742A8DB7B08397C = {
						DevelopmentTeam = 4ZCZ9LLR98;
					};
				};
			};
			buildConfigurationList = E98FB211CB3D4B4671DFCB6E /* Build configuration list for PBXProject "ClaudeVision" */;
			developmentRegion = en;
			hasScannedForEncodings = 0;
			knownRegions = (
				Base,
				en,
			);
			mainGroup = 1AC8D3445CECE9610F600843;
			minimizedProjectReferenceProxies = 1;
			packageReferences = (
				361638BCA9B14020698AECCB /* XCRemoteSwiftPackageReference "meta-wearables-dat-ios" */,
			);
			preferredProjectObjectVersion = 77;
			productRefGroup = A89D041F911DC9E0739EB6C0 /* Products */;
			projectDirPath = "";
			projectRoot = "";
			targets = (
				19BFFEED1742A8DB7B08397C /* ClaudeVision */,
			);
		};
/* End PBXProject section */

/* Begin PBXResourcesBuildPhase section */
		5D924432B9626EA5F32286BC /* Resources */ = {
			isa = PBXResourcesBuildPhase;
			buildActionMask = 2147483647;
			files = (
				93FFEB466EE30C76CB38732E /* Assets.xcassets in Resources */,
				3FDF7F0AAA360B8773806769 /* Preview Assets.xcassets in Resources */,
			);
			runOnlyForDeploymentPostprocessing = 0;
		};
/* End PBXResourcesBuildPhase section */

/* Begin PBXSourcesBuildPhase section */
		6FBE7C83F638E053828BBF68 /* Sources */ = {
			isa = PBXSourcesBuildPhase;
			buildActionMask = 2147483647;
			files = (
				AA89115CB629A0F228706FC9 /* AnimeStyle.swift in Sources */,
				8DEA96294AD4A1C68EBF910E /* AppIconManager.swift in Sources */,
				0D2A830E5C25C154221072C0 /* ArcheryCameraTracker.swift in Sources */,
				EF22011091DAB224D43F0D0F /* ArcheryGame.swift in Sources */,
				784D9EDE191D16EC1C28A3D6 /* ArcheryScene.swift in Sources */,
				957EEBB0445C22441B647AE0 /* ArcherySceneController.swift in Sources */,
				BD186EB89777AC5DDA29BC9F /* ArcherySceneTheme.swift in Sources */,
				AA875A1E28A9B92161751A5D /* ArcheryVenues.swift in Sources */,
				09C3BDFBC800407EF7773E69 /* BowlingCameraTracker.swift in Sources */,
				5E1CD10EEF09F9EDC673581F /* BowlingGame.swift in Sources */,
				5A4C630503D58FEBCA9730BE /* BowlingPinTracker.swift in Sources */,
				51FE97FB0700AABB8F858703 /* BowlingScene.swift in Sources */,
				BCDAFA72AF218AB47F3E0CB8 /* BowlingSceneController.swift in Sources */,
				AE0E377FB2DDA8B708B8FA46 /* BowlingSceneTheme.swift in Sources */,
				C585A31BBA2AA3A0C6CE311C /* BowlingVenues.swift in Sources */,
				DA7A305C2AC68B9BCCF469B7 /* BoxingGame.swift in Sources */,
				07AB976B9746D77F58AE9155 /* BoxingScene.swift in Sources */,
				19D951B9E8881B11921B8436 /* BoxingSceneController.swift in Sources */,
				245590573688511C4894D87C /* BoxingSceneTheme.swift in Sources */,
				D86CC47D8E4FBFA854AC7A50 /* BoxingVenues.swift in Sources */,
				9864E1522823865D7292FA82 /* ClaudeVisionApp.swift in Sources */,
				C7D9F412F3607F657FC2F90A /* ContentView.swift in Sources */,
				ABE4642C648FF01E3FA76550 /* DailyChallenge.swift in Sources */,
				CA00303E3F2897D249C97617 /* DailyChallengeCard.swift in Sources */,
				C327AE4F92F9EF84D41BDA91 /* DebugPanelView.swift in Sources */,
				2F08588A0FA5377BED01C1DB /* FrameSource.swift in Sources */,
				61AA0197E1DCB80E5534BF3D /* FruitSlashGame.swift in Sources */,
				1272D61A4438E3E1FAA4141B /* FruitSlashScene.swift in Sources */,
				5850E3B397B3B10042D13534 /* FruitSlashSceneController.swift in Sources */,
				562D4166974B9C79B11BFFD5 /* FruitSlashSceneTheme.swift in Sources */,
				3F6F0FE0DACC7F7AAE94194A /* FruitSlashVenues.swift in Sources */,
				981E8AA608802E6E6A955FCF /* Game.swift in Sources */,
				8734E2624EAD7162EE5DE1A2 /* GameAudio.swift in Sources */,
				D318BDFB534591B00DE2902E /* GameCoordinator.swift in Sources */,
				91EF45669BD1FE1134583CB6 /* GameSessionView.swift in Sources */,
				710F56F668098F31727F41B0 /* GestureEngine.swift in Sources */,
				BB77BEBD9342F20CF03D3E17 /* GestureEvent.swift in Sources */,
				2A77669B0885E5690DB0E5B9 /* GestureRecorder.swift in Sources */,
				6B262B3F0BA7ACE2B427736E /* GlassesSetupView.swift in Sources */,
				C4F5333E0BAE35F97D08CB1C /* HomeView.swift in Sources */,
				FDC4BE72E2046DB10FDF48D3 /* JamarioGame.swift in Sources */,
				B347D456F940DB0B3EC5A4B3 /* JamarioGameScene.swift in Sources */,
				96BB12284B7881FDAA81EE0F /* JamarioScene.swift in Sources */,
				F301600A55C2F6137164E45E /* JamarioSceneTheme.swift in Sources */,
				8E9E29329616915EB4486B85 /* JamarioStreetsGame.swift in Sources */,
				0F807E6F673A8301EB988326 /* JamarioStreetsGameScene.swift in Sources */,
				B6F2120AB8FF095ADAF37B4B /* JamarioStreetsScene.swift in Sources */,
				E7D77364C5A9DEE62B4883B9 /* JamarioStreetsVenues.swift in Sources */,
				69DEA1A21235E0DB9E78822C /* JamarioVenues.swift in Sources */,
				F72AA7EF417E1CAAE1A03C07 /* LaunchSplashView.swift in Sources */,
				0229A441F96690BB179F9CE0 /* MotionClassifier.swift in Sources */,
				04A095977CA356A7BD617DCA /* PingPongGame.swift in Sources */,
				575254176078CCEA77498FCB /* PingPongScene.swift in Sources */,
				BD5B4A0F9863B7F1FF8586AB /* PingPongSceneController.swift in Sources */,
				737117D22731300CAEC85436 /* PingPongSceneTheme.swift in Sources */,
				55B34005F5174962FB930C93 /* PingPongVenues.swift in Sources */,
				8AF41AF815A9B9DBF79324E1 /* ProgressStore.swift in Sources */,
				7B9EB5C35AA99FFC8E91F8B2 /* RayBanManager.swift in Sources */,
				2E15B4D77CEEF51A0D721B79 /* ShareCardView.swift in Sources */,
				8F8F26658FBA4F72C682EA63 /* TennisGame.swift in Sources */,
				6FB5AE7BC1658D855B6ACEA1 /* TennisScene.swift in Sources */,
				5DF75E250395E1B498E80EE0 /* TennisSceneController.swift in Sources */,
				5A609BA22E81BC0122CA7041 /* TennisSceneTheme.swift in Sources */,
				31583FD9A5085861FD73CEF4 /* TennisVenues.swift in Sources */,
				F1A52CF077F28868BE7DA1CD /* TestScenarios.swift in Sources */,
				E12306D922984A6813198E0E /* Theme.swift in Sources */,
				B16E22E3D5635B45CDA5527E /* UnlockCelebration.swift in Sources */,
				CADFE639AE65E9828CFE8C08 /* Venue.swift in Sources */,
				FCE3D75CC394FD3CAFFB827B /* VenueSelectView.swift in Sources */,
			);
			runOnlyForDeploymentPostprocessing = 0;
		};
/* End PBXSourcesBuildPhase section */

/* Begin XCBuildConfiguration section */
		1DB8F1A88168E8128E80CA53 /* Debug */ = {
			isa = XCBuildConfiguration;
			buildSettings = {
				ALWAYS_SEARCH_USER_PATHS = NO;
				CLANG_ANALYZER_NONNULL = YES;
				CLANG_ANALYZER_NUMBER_OBJECT_CONVERSION = YES_AGGRESSIVE;
				CLANG_CXX_LANGUAGE_STANDARD = "gnu++14";
				CLANG_CXX_LIBRARY = "libc++";
				CLANG_ENABLE_MODULES = YES;
				CLANG_ENABLE_OBJC_ARC = YES;
				CLANG_ENABLE_OBJC_WEAK = YES;
				CLANG_WARN_BLOCK_CAPTURE_AUTORELEASING = YES;
				CLANG_WARN_BOOL_CONVERSION = YES;
				CLANG_WARN_COMMA = YES;
				CLANG_WARN_CONSTANT_CONVERSION = YES;
				CLANG_WARN_DEPRECATED_OBJC_IMPLEMENTATIONS = YES;
				CLANG_WARN_DIRECT_OBJC_ISA_USAGE = YES_ERROR;
				CLANG_WARN_DOCUMENTATION_COMMENTS = YES;
				CLANG_WARN_EMPTY_BODY = YES;
				CLANG_WARN_ENUM_CONVERSION = YES;
				CLANG_WARN_INFINITE_RECURSION = YES;
				CLANG_WARN_INT_CONVERSION = YES;
				CLANG_WARN_NON_LITERAL_NULL_CONVERSION = YES;
				CLANG_WARN_OBJC_IMPLICIT_RETAIN_SELF = YES;
				CLANG_WARN_OBJC_LITERAL_CONVERSION = YES;
				CLANG_WARN_OBJC_ROOT_CLASS = YES_ERROR;
				CLANG_WARN_QUOTED_INCLUDE_IN_FRAMEWORK_HEADER = YES;
				CLANG_WARN_RANGE_LOOP_ANALYSIS = YES;
				CLANG_WARN_STRICT_PROTOTYPES = YES;
				CLANG_WARN_SUSPICIOUS_MOVE = YES;
				CLANG_WARN_UNGUARDED_AVAILABILITY = YES_AGGRESSIVE;
				CLANG_WARN_UNREACHABLE_CODE = YES;
				CLANG_WARN__DUPLICATE_METHOD_MATCH = YES;
				COPY_PHASE_STRIP = NO;
				DEBUG_INFORMATION_FORMAT = dwarf;
				ENABLE_STRICT_OBJC_MSGSEND = YES;
				ENABLE_TESTABILITY = YES;
				GCC_C_LANGUAGE_STANDARD = gnu11;
				GCC_DYNAMIC_NO_PIC = NO;
				GCC_NO_COMMON_BLOCKS = YES;
				GCC_OPTIMIZATION_LEVEL = 0;
				GCC_PREPROCESSOR_DEFINITIONS = (
					"$(inherited)",
					"DEBUG=1",
				);
				GCC_WARN_64_TO_32_BIT_CONVERSION = YES;
				GCC_WARN_ABOUT_RETURN_TYPE = YES_ERROR;
				GCC_WARN_UNDECLARED_SELECTOR = YES;
				GCC_WARN_UNINITIALIZED_AUTOS = YES_AGGRESSIVE;
				GCC_WARN_UNUSED_FUNCTION = YES;
				GCC_WARN_UNUSED_VARIABLE = YES;
				IPHONEOS_DEPLOYMENT_TARGET = 17.0;
				MTL_ENABLE_DEBUG_INFO = INCLUDE_SOURCE;
				MTL_FAST_MATH = YES;
				ONLY_ACTIVE_ARCH = YES;
				PRODUCT_NAME = "$(TARGET_NAME)";
				SDKROOT = iphoneos;
				SWIFT_ACTIVE_COMPILATION_CONDITIONS = DEBUG;
				SWIFT_OPTIMIZATION_LEVEL = "-Onone";
				SWIFT_VERSION = 5.0;
			};
			name = Debug;
		};
		46CC0894771E7101D063C88B /* Release */ = {
			isa = XCBuildConfiguration;
			buildSettings = {
				ASSETCATALOG_COMPILER_APPICON_NAME = AppIcon;
				CODE_SIGN_IDENTITY = "iPhone Developer";
				CURRENT_PROJECT_VERSION = 1;
				DEVELOPMENT_TEAM = 4ZCZ9LLR98;
				GENERATE_INFOPLIST_FILE = NO;
				INFOPLIST_FILE = ClaudeVision/Info.plist;
				LD_RUNPATH_SEARCH_PATHS = (
					"$(inherited)",
					"@executable_path/Frameworks",
				);
				MARKETING_VERSION = 1.0.0;
				PRODUCT_BUNDLE_IDENTIFIER = com.claudevision.app;
				SDKROOT = iphoneos;
				SWIFT_VERSION = 5.9;
				TARGETED_DEVICE_FAMILY = 1;
			};
			name = Release;
		};
		7A9AB89A3533E9E5F1916E8B /* Release */ = {
			isa = XCBuildConfiguration;
			buildSettings = {
				ALWAYS_SEARCH_USER_PATHS = NO;
				CLANG_ANALYZER_NONNULL = YES;
				CLANG_ANALYZER_NUMBER_OBJECT_CONVERSION = YES_AGGRESSIVE;
				CLANG_CXX_LANGUAGE_STANDARD = "gnu++14";
				CLANG_CXX_LIBRARY = "libc++";
				CLANG_ENABLE_MODULES = YES;
				CLANG_ENABLE_OBJC_ARC = YES;
				CLANG_ENABLE_OBJC_WEAK = YES;
				CLANG_WARN_BLOCK_CAPTURE_AUTORELEASING = YES;
				CLANG_WARN_BOOL_CONVERSION = YES;
				CLANG_WARN_COMMA = YES;
				CLANG_WARN_CONSTANT_CONVERSION = YES;
				CLANG_WARN_DEPRECATED_OBJC_IMPLEMENTATIONS = YES;
				CLANG_WARN_DIRECT_OBJC_ISA_USAGE = YES_ERROR;
				CLANG_WARN_DOCUMENTATION_COMMENTS = YES;
				CLANG_WARN_EMPTY_BODY = YES;
				CLANG_WARN_ENUM_CONVERSION = YES;
				CLANG_WARN_INFINITE_RECURSION = YES;
				CLANG_WARN_INT_CONVERSION = YES;
				CLANG_WARN_NON_LITERAL_NULL_CONVERSION = YES;
				CLANG_WARN_OBJC_IMPLICIT_RETAIN_SELF = YES;
				CLANG_WARN_OBJC_LITERAL_CONVERSION = YES;
				CLANG_WARN_OBJC_ROOT_CLASS = YES_ERROR;
				CLANG_WARN_QUOTED_INCLUDE_IN_FRAMEWORK_HEADER = YES;
				CLANG_WARN_RANGE_LOOP_ANALYSIS = YES;
				CLANG_WARN_STRICT_PROTOTYPES = YES;
				CLANG_WARN_SUSPICIOUS_MOVE = YES;
				CLANG_WARN_UNGUARDED_AVAILABILITY = YES_AGGRESSIVE;
				CLANG_WARN_UNREACHABLE_CODE = YES;
				CLANG_WARN__DUPLICATE_METHOD_MATCH = YES;
				COPY_PHASE_STRIP = NO;
				DEBUG_INFORMATION_FORMAT = "dwarf-with-dsym";
				ENABLE_NS_ASSERTIONS = NO;
				ENABLE_STRICT_OBJC_MSGSEND = YES;
				GCC_C_LANGUAGE_STANDARD = gnu11;
				GCC_NO_COMMON_BLOCKS = YES;
				GCC_WARN_64_TO_32_BIT_CONVERSION = YES;
				GCC_WARN_ABOUT_RETURN_TYPE = YES_ERROR;
				GCC_WARN_UNDECLARED_SELECTOR = YES;
				GCC_WARN_UNINITIALIZED_AUTOS = YES_AGGRESSIVE;
				GCC_WARN_UNUSED_FUNCTION = YES;
				GCC_WARN_UNUSED_VARIABLE = YES;
				IPHONEOS_DEPLOYMENT_TARGET = 17.0;
				MTL_ENABLE_DEBUG_INFO = NO;
				MTL_FAST_MATH = YES;
				PRODUCT_NAME = "$(TARGET_NAME)";
				SDKROOT = iphoneos;
				SWIFT_COMPILATION_MODE = wholemodule;
				SWIFT_OPTIMIZATION_LEVEL = "-O";
				SWIFT_VERSION = 5.0;
			};
			name = Release;
		};
		EF8DE802157F3E08DB6DFAB6 /* Debug */ = {
			isa = XCBuildConfiguration;
			buildSettings = {
				ASSETCATALOG_COMPILER_APPICON_NAME = AppIcon;
				CODE_SIGN_IDENTITY = "iPhone Developer";
				CURRENT_PROJECT_VERSION = 1;
				DEVELOPMENT_TEAM = 4ZCZ9LLR98;
				GENERATE_INFOPLIST_FILE = NO;
				INFOPLIST_FILE = ClaudeVision/Info.plist;
				LD_RUNPATH_SEARCH_PATHS = (
					"$(inherited)",
					"@executable_path/Frameworks",
				);
				MARKETING_VERSION = 1.0.0;
				PRODUCT_BUNDLE_IDENTIFIER = com.claudevision.app;
				SDKROOT = iphoneos;
				SWIFT_VERSION = 5.9;
				TARGETED_DEVICE_FAMILY = 1;
			};
			name = Debug;
		};
/* End XCBuildConfiguration section */

/* Begin XCConfigurationList section */
		BF935B040D1DD32A45D840D1 /* Build configuration list for PBXNativeTarget "ClaudeVision" */ = {
			isa = XCConfigurationList;
			buildConfigurations = (
				EF8DE802157F3E08DB6DFAB6 /* Debug */,
				46CC0894771E7101D063C88B /* Release */,
			);
			defaultConfigurationIsVisible = 0;
			defaultConfigurationName = Debug;
		};
		E98FB211CB3D4B4671DFCB6E /* Build configuration list for PBXProject "ClaudeVision" */ = {
			isa = XCConfigurationList;
			buildConfigurations = (
				1DB8F1A88168E8128E80CA53 /* Debug */,
				7A9AB89A3533E9E5F1916E8B /* Release */,
			);
			defaultConfigurationIsVisible = 0;
			defaultConfigurationName = Debug;
		};
/* End XCConfigurationList section */

/* Begin XCRemoteSwiftPackageReference section */
		361638BCA9B14020698AECCB /* XCRemoteSwiftPackageReference "meta-wearables-dat-ios" */ = {
			isa = XCRemoteSwiftPackageReference;
			repositoryURL = "https://github.com/facebook/meta-wearables-dat-ios";
			requirement = {
				kind = upToNextMajorVersion;
				minimumVersion = 0.5.0;
			};
		};
/* End XCRemoteSwiftPackageReference section */

/* Begin XCSwiftPackageProductDependency section */
		56D471E4C1D0316E974B9E9D /* MWDATCore */ = {
			isa = XCSwiftPackageProductDependency;
			package = 361638BCA9B14020698AECCB /* XCRemoteSwiftPackageReference "meta-wearables-dat-ios" */;
			productName = MWDATCore;
		};
		F89EE55D2F5EFD824C5EAAA1 /* MWDATCamera */ = {
			isa = XCSwiftPackageProductDependency;
			package = 361638BCA9B14020698AECCB /* XCRemoteSwiftPackageReference "meta-wearables-dat-ios" */;
			productName = MWDATCamera;
		};
/* End XCSwiftPackageProductDependency section */
	};
	rootObject = ED22C830246B55416593B99A /* Project object */;
}
